# This file was autogenerated by uv via the following command:
#    uv pip compile --python-version 3.12 --python-platform x86_64-unknown-linux-gnu benchmarks/requirements-ci.in -o benchmarks/requirements-ci.lock
altair==6.2.2
    # via -r benchmarks/requirements-ci.in
annotated-types==0.7.0
    # via pydantic
anywidget==0.11.0
    # via -r benchmarks/requirements-ci.in
asttokens==3.0.2
    # via stack-data
attrs==26.1.0
    # via
    #   jsonschema
    #   referencing
blinker==1.9.0
    # via flask
bokeh==3.9.1
    # via
    #   -r benchmarks/requirements-ci.in
    #   holoviews
    #   hvplot
    #   panel
    #   panel-material-ui
certifi==2026.6.17
    # via requests
charset-normalizer==3.4.9
    # via requests
choreographer==1.3.0
    # via kaleido
click==8.4.2
    # via flask
colorcet==3.2.1
    # via
    #   datashader
    #   holoviews
    #   hvplot
comm==0.2.3
    # via
    #   dash
    #   ipywidgets
contourpy==1.3.3
    # via
    #   bokeh
    #   matplotlib
cycler==0.12.1
    # via matplotlib
dash==4.4.1
    # via plotly-resampler
datashader==0.19.1
    # via -r benchmarks/requirements-ci.in
decorator==5.3.1
    # via ipython
executing==2.2.1
    # via stack-data
flask==3.1.3
    # via dash
fonttools==4.63.0
    # via matplotlib
holoviews==1.23.1
    # via hvplot
hvplot==0.12.2
    # via -r benchmarks/requirements-ci.in
idna==3.18
    # via requests
importlib-metadata==9.0.0
    # via dash
ipython==9.15.0
    # via ipywidgets
ipython-pygments-lexers==1.1.1
    # via ipython
ipywidgets==8.1.8
    # via anywidget
itsdangerous==2.2.0
    # via flask
janus==2.0.0
    # via dash
jedi==0.20.0
    # via ipython
jinja2==3.1.6
    # via
    #   altair
    #   bokeh
    #   flask
jsonschema==4.26.0
    # via altair
jsonschema-specifications==2025.9.1
    # via jsonschema
jupyterlab-widgets==3.0.16
    # via ipywidgets
kaleido==1.3.0
    # via -r benchmarks/requirements-ci.in
kiwisolver==1.5.0
    # via matplotlib
linkify-it-py==2.1.0
    # via panel
llvmlite==0.48.0
    # via numba
logistro==2.0.1
    # via
    #   choreographer
    #   kaleido
markdown==3.10.2
    # via panel
markdown-it-py==4.2.0
    # via
    #   mdit-py-plugins
    #   panel
markupsafe==3.0.3
    # via
    #   flask
    #   jinja2
    #   werkzeug
matplotlib==3.11.1
    # via
    #   -r benchmarks/requirements-ci.in
    #   seaborn
matplotlib-inline==0.2.2
    # via ipython
mdit-py-plugins==0.6.1
    # via panel
mdurl==0.1.2
    # via markdown-it-py
multipledispatch==1.0.0
    # via datashader
narwhals==2.24.0
    # via
    #   altair
    #   bokeh
    #   holoviews
    #   panel
    #   plotly
nest-asyncio==1.6.0
    # via dash
nh3==0.3.6
    # via panel
numba==0.66.0
    # via datashader
numpy==2.4.6
    # via
    #   -r benchmarks/requirements-ci.in
    #   bokeh
    #   contourpy
    #   datashader
    #   holoviews
    #   hvplot
    #   matplotlib
    #   numba
    #   pandas
    #   plotly-resampler
    #   scipy
    #   seaborn
    #   tsdownsample
    #   xarray
orjson==3.11.9
    # via
    #   kaleido
    #   plotly-resampler
packaging==26.2
    # via
    #   altair
    #   bokeh
    #   datashader
    #   hvplot
    #   kaleido
    #   matplotlib
    #   panel
    #   panel-material-ui
    #   plotly
    #   xarray
pandas==3.0.3
    # via
    #   datashader
    #   holoviews
    #   hvplot
    #   panel
    #   plotly-resampler
    #   seaborn
    #   xarray
panel==1.9.3
    # via
    #   holoviews
    #   hvplot
    #   panel-material-ui
panel-material-ui==0.14.0
    # via panel
param==2.4.1
    # via
    #   datashader
    #   holoviews
    #   hvplot
    #   panel
    #   pyct
    #   pyviz-comms
parso==0.8.7
    # via jedi
pexpect==4.9.0
    # via ipython
pillow==12.3.0
    # via
    #   bokeh
    #   matplotlib
platformdirs==4.11.0
    # via choreographer
plotly==6.9.0
    # via
    #   -r benchmarks/requirements-ci.in
    #   dash
    #   plotly-resampler
plotly-resampler==0.11.0
    # via -r benchmarks/requirements-ci.in
prompt-toolkit==3.0.52
    # via ipython
psutil==7.2.2
    # via
    #   -r benchmarks/requirements-ci.in
    #   ipython
psygnal==0.15.1
    # via anywidget
ptyprocess==0.7.0
    # via pexpect
pure-eval==0.2.3
    # via stack-data
pyct==0.6.0
    # via datashader
pydantic==2.13.4
    # via dash
pydantic-core==2.46.4
    # via pydantic
pygments==2.20.0
    # via
    #   ipython
    #   ipython-pygments-lexers
pyparsing==3.3.2
    # via matplotlib
python-dateutil==2.9.0.post0
    # via
    #   holoviews
    #   matplotlib
    #   pandas
pyviz-comms==3.0.6
    # via
    #   holoviews
    #   panel
pyyaml==6.0.3
    # via bokeh
referencing==0.37.0
    # via
    #   jsonschema
    #   jsonschema-specifications
requests==2.34.2
    # via
    #   dash
    #   datashader
    #   panel
retrying==1.4.2
    # via dash
rpds-py==2026.6.3
    # via
    #   jsonschema
    #   referencing
scipy==1.18.0
    # via datashader
seaborn==0.13.2
    # via -r benchmarks/requirements-ci.in
setuptools==83.0.0
    # via dash
simplejson==4.1.1
    # via choreographer
six==1.17.0
    # via python-dateutil
stack-data==0.6.3
    # via ipython
toolz==1.1.0
    # via datashader
tornado==6.5.7
    # via bokeh
tqdm==4.69.0
    # via panel
traitlets==5.15.1
    # via
    #   ipython
    #   ipywidgets
    #   matplotlib-inline
tsdownsample==0.1.5.1
    # via plotly-resampler
typing-extensions==4.16.0
    # via
    #   altair
    #   anywidget
    #   dash
    #   panel
    #   pydantic
    #   pydantic-core
    #   referencing
    #   typing-inspection
typing-inspection==0.4.2
    # via pydantic
uc-micro-py==2.0.0
    # via linkify-it-py
urllib3==2.7.0
    # via requests
wcwidth==0.8.2
    # via prompt-toolkit
werkzeug==3.1.8
    # via
    #   dash
    #   flask
widgetsnbextension==4.0.15
    # via ipywidgets
xarray==2026.7.0
    # via datashader
xyzservices==2026.3.0
    # via bokeh
zipp==4.1.0
    # via importlib-metadata
